
Microsoft Visual Studio Solution File, Format Version 12.00
# Visual Studio 15
VisualStudioVersion = 15.0.26124.0
MinimumVisualStudioVersion = 15.0.26124.0
Project("{6EC3EE1D-3C4E-46DD-8F32-0CC8E7565705}") = "Proto.Actor.FSharp", "src\Proto.Actor.FSharp\Proto.Actor.FSharp.fsproj", "{988B1AE2-2B19-4303-A5B5-7CF3C30149B2}"
EndProject
Project("{2150E333-8FDC-42A3-9474-1A3956D46DE8}") = "examples", "examples", "{85DCF012-7339-4450-A6CC-4C3D2D8D9576}"
EndProject
Project("{2150E333-8FDC-42A3-9474-1A3956D46DE8}") = "01_basic_actor", "01_basic_actor", "{26AA8DEE-919A-4299-8AD0-2A9AEE9D34B6}"
EndProject
Project("{6EC3EE1D-3C4E-46DD-8F32-0CC8E7565705}") = "example01basicactors", "examples\example01basicactors\example01basicactors.fsproj", "{34C3A743-6F45-4902-A1B2-6C340AF00F35}"
EndProject
Project("{2150E333-8FDC-42A3-9474-1A3956D46DE8}") = "02_chat", "02_chat", "{1A092544-A1E7-4E5C-A495-AA96103C284A}"
EndProject
Project("{6EC3EE1D-3C4E-46DD-8F32-0CC8E7565705}") = "Client", "examples\example02chat\Client\Client.fsproj", "{99372701-05ED-4AE0-B63A-61F0D1A10420}"
EndProject
Project("{9A19103F-16F7-4668-BE54-9A1E7A4F7556}") = "Messages", "examples\example02chat\Messages\Messages.csproj", "{45F20D01-1AF6-4935-94E1-F47E6AFD6DE8}"
EndProject
Project("{6EC3EE1D-3C4E-46DD-8F32-0CC8E7565705}") = "Server", "examples\example02chat\Server\Server.fsproj", "{EC6275C0-86CE-4D97-9493-B2BDA34B7615}"
EndProject
Project("{2150E333-8FDC-42A3-9474-1A3956D46DE8}") = "03_type_example", "03_type_example", "{8A60AC62-9401-41DC-837B-65266A194E60}"
EndProject
Project("{6EC3EE1D-3C4E-46DD-8F32-0CC8E7565705}") = "example03typeexample", "examples\example03typeexample\example03typeexample.fsproj", "{8B7CDC03-6B95-49A0-AC8B-58DDCE3616FB}"
EndProject
Project("{2150E333-8FDC-42A3-9474-1A3956D46DE8}") = "04_many_actors", "04_many_actors", "{4F0D00F2-1F51-430C-98EC-AA5A90868D76}"
EndProject
Project("{6EC3EE1D-3C4E-46DD-8F32-0CC8E7565705}") = "example04manyactors", "examples\example04manyactors\example04manyactors.fsproj", "{AB0C6167-F2C8-43F2-AA05-17ACF70C149C}"
EndProject
Project("{2150E333-8FDC-42A3-9474-1A3956D46DE8}") = "05_cluster_hello_world", "05_cluster_hello_world", "{E2DAF8E6-1DEA-4337-BDA9-3D2C5E9E9BD7}"
EndProject
Project("{9A19103F-16F7-4668-BE54-9A1E7A4F7556}") = "Messages", "examples\example05clusterhelloworld\Messages\Messages.csproj", "{3B6E0C1B-8B39-4FF9-9A70-F222CDB8DD56}"
EndProject
Project("{6EC3EE1D-3C4E-46DD-8F32-0CC8E7565705}") = "Node1", "examples\example05clusterhelloworld\Node1\Node1.fsproj", "{EEE7E5AC-8070-4BCA-9B70-07225C3E264D}"
EndProject
Project("{6EC3EE1D-3C4E-46DD-8F32-0CC8E7565705}") = "Node2", "examples\example05clusterhelloworld\Node2\Node2.fsproj", "{72CB57EA-C3F7-4520-A029-05F2D90ECA39}"
EndProject
Project("{2150E333-8FDC-42A3-9474-1A3956D46DE8}") = "06_supervision", "06_supervision", "{559E1A4A-BAD2-47A9-8A3D-1E1CB51862DA}"
EndProject
Project("{6EC3EE1D-3C4E-46DD-8F32-0CC8E7565705}") = "example06supervision", "examples\example06supervision\example06supervision.fsproj", "{B7B16CB6-9DDA-479B-8F39-7B79EB2DE613}"
EndProject
Project("{2150E333-8FDC-42A3-9474-1A3956D46DE8}") = "07_docker_compose_cluster", "07_docker_compose_cluster", "{CB5F9484-0E8C-4DE9-AB8F-5317FD1C5B74}"
EndProject
Project("{9A19103F-16F7-4668-BE54-9A1E7A4F7556}") = "Messages", "examples\example07dockercomposecluster\Messages\Messages.csproj", "{5933FC62-7903-4756-AD6E-A02193BB69F7}"
EndProject
Project("{6EC3EE1D-3C4E-46DD-8F32-0CC8E7565705}") = "Node1", "examples\example07dockercomposecluster\Node1\Node1.fsproj", "{03952EA8-D6A1-402D-8519-DD2E9DCFCD03}"
EndProject
Project("{6EC3EE1D-3C4E-46DD-8F32-0CC8E7565705}") = "Node2", "examples\example07dockercomposecluster\Node2\Node2.fsproj", "{C1905F8B-8443-4A85-B590-7B1DE35C9E2A}"
EndProject
Project("{2150E333-8FDC-42A3-9474-1A3956D46DE8}") = "08_kubernetes_cluster", "08_kubernetes_cluster", "{C0790E5C-1795-4168-86D6-DDC4395E0DFC}"
EndProject
Project("{9A19103F-16F7-4668-BE54-9A1E7A4F7556}") = "Messages", "examples\example08kubernetescluster\Messages\Messages.csproj", "{F42C0C84-5B31-47D2-AE8C-F613E992133A}"
EndProject
Project("{6EC3EE1D-3C4E-46DD-8F32-0CC8E7565705}") = "Node1", "examples\example08kubernetescluster\Node1\Node1.fsproj", "{EF4FBCF0-EBAA-4CE7-9D78-ABF5E35CF5F1}"
EndProject
Project("{6EC3EE1D-3C4E-46DD-8F32-0CC8E7565705}") = "Node2", "examples\example08kubernetescluster\Node2\Node2.fsproj", "{88E537D6-75FC-4D77-9C38-C07B91886B7A}"
EndProject
Project("{6EC3EE1D-3C4E-46DD-8F32-0CC8E7565705}") = "Proto.Actor.FSharp.Persistence", "src\Proto.Actor.FSharp.Persistence\Proto.Actor.FSharp.Persistence.fsproj", "{E031AD21-78C2-484A-8E4E-9D0B8316C563}"
EndProject
Global
	GlobalSection(SolutionConfigurationPlatforms) = preSolution
		Debug|Any CPU = Debug|Any CPU
		Debug|x64 = Debug|x64
		Debug|x86 = Debug|x86
		Release|Any CPU = Release|Any CPU
		Release|x64 = Release|x64
		Release|x86 = Release|x86
	EndGlobalSection
	GlobalSection(ProjectConfigurationPlatforms) = postSolution
		{988B1AE2-2B19-4303-A5B5-7CF3C30149B2}.Debug|Any CPU.ActiveCfg = Debug|Any CPU
		{988B1AE2-2B19-4303-A5B5-7CF3C30149B2}.Debug|Any CPU.Build.0 = Debug|Any CPU
		{988B1AE2-2B19-4303-A5B5-7CF3C30149B2}.Debug|x64.ActiveCfg = Debug|Any CPU
		{988B1AE2-2B19-4303-A5B5-7CF3C30149B2}.Debug|x64.Build.0 = Debug|Any CPU
		{988B1AE2-2B19-4303-A5B5-7CF3C30149B2}.Debug|x86.ActiveCfg = Debug|Any CPU
		{988B1AE2-2B19-4303-A5B5-7CF3C30149B2}.Debug|x86.Build.0 = Debug|Any CPU
		{988B1AE2-2B19-4303-A5B5-7CF3C30149B2}.Release|Any CPU.ActiveCfg = Release|Any CPU
		{988B1AE2-2B19-4303-A5B5-7CF3C30149B2}.Release|Any CPU.Build.0 = Release|Any CPU
		{988B1AE2-2B19-4303-A5B5-7CF3C30149B2}.Release|x64.ActiveCfg = Release|Any CPU
		{988B1AE2-2B19-4303-A5B5-7CF3C30149B2}.Release|x64.Build.0 = Release|Any CPU
		{988B1AE2-2B19-4303-A5B5-7CF3C30149B2}.Release|x86.ActiveCfg = Release|Any CPU
		{988B1AE2-2B19-4303-A5B5-7CF3C30149B2}.Release|x86.Build.0 = Release|Any CPU
		{34C3A743-6F45-4902-A1B2-6C340AF00F35}.Debug|Any CPU.ActiveCfg = Debug|Any CPU
		{34C3A743-6F45-4902-A1B2-6C340AF00F35}.Debug|Any CPU.Build.0 = Debug|Any CPU
		{34C3A743-6F45-4902-A1B2-6C340AF00F35}.Debug|x64.ActiveCfg = Debug|Any CPU
		{34C3A743-6F45-4902-A1B2-6C340AF00F35}.Debug|x64.Build.0 = Debug|Any CPU
		{34C3A743-6F45-4902-A1B2-6C340AF00F35}.Debug|x86.ActiveCfg = Debug|Any CPU
		{34C3A743-6F45-4902-A1B2-6C340AF00F35}.Debug|x86.Build.0 = Debug|Any CPU
		{34C3A743-6F45-4902-A1B2-6C340AF00F35}.Release|Any CPU.ActiveCfg = Release|Any CPU
		{34C3A743-6F45-4902-A1B2-6C340AF00F35}.Release|Any CPU.Build.0 = Release|Any CPU
		{34C3A743-6F45-4902-A1B2-6C340AF00F35}.Release|x64.ActiveCfg = Release|Any CPU
		{34C3A743-6F45-4902-A1B2-6C340AF00F35}.Release|x64.Build.0 = Release|Any CPU
		{34C3A743-6F45-4902-A1B2-6C340AF00F35}.Release|x86.ActiveCfg = Release|Any CPU
		{34C3A743-6F45-4902-A1B2-6C340AF00F35}.Release|x86.Build.0 = Release|Any CPU
		{99372701-05ED-4AE0-B63A-61F0D1A10420}.Debug|Any CPU.ActiveCfg = Debug|Any CPU
		{99372701-05ED-4AE0-B63A-61F0D1A10420}.Debug|Any CPU.Build.0 = Debug|Any CPU
		{99372701-05ED-4AE0-B63A-61F0D1A10420}.Debug|x64.ActiveCfg = Debug|Any CPU
		{99372701-05ED-4AE0-B63A-61F0D1A10420}.Debug|x64.Build.0 = Debug|Any CPU
		{99372701-05ED-4AE0-B63A-61F0D1A10420}.Debug|x86.ActiveCfg = Debug|Any CPU
		{99372701-05ED-4AE0-B63A-61F0D1A10420}.Debug|x86.Build.0 = Debug|Any CPU
		{99372701-05ED-4AE0-B63A-61F0D1A10420}.Release|Any CPU.ActiveCfg = Release|Any CPU
		{99372701-05ED-4AE0-B63A-61F0D1A10420}.Release|Any CPU.Build.0 = Release|Any CPU
		{99372701-05ED-4AE0-B63A-61F0D1A10420}.Release|x64.ActiveCfg = Release|Any CPU
		{99372701-05ED-4AE0-B63A-61F0D1A10420}.Release|x64.Build.0 = Release|Any CPU
		{99372701-05ED-4AE0-B63A-61F0D1A10420}.Release|x86.ActiveCfg = Release|Any CPU
		{99372701-05ED-4AE0-B63A-61F0D1A10420}.Release|x86.Build.0 = Release|Any CPU
		{45F20D01-1AF6-4935-94E1-F47E6AFD6DE8}.Debug|Any CPU.ActiveCfg = Debug|Any CPU
		{45F20D01-1AF6-4935-94E1-F47E6AFD6DE8}.Debug|Any CPU.Build.0 = Debug|Any CPU
		{45F20D01-1AF6-4935-94E1-F47E6AFD6DE8}.Debug|x64.ActiveCfg = Debug|Any CPU
		{45F20D01-1AF6-4935-94E1-F47E6AFD6DE8}.Debug|x64.Build.0 = Debug|Any CPU
		{45F20D01-1AF6-4935-94E1-F47E6AFD6DE8}.Debug|x86.ActiveCfg = Debug|Any CPU
		{45F20D01-1AF6-4935-94E1-F47E6AFD6DE8}.Debug|x86.Build.0 = Debug|Any CPU
		{45F20D01-1AF6-4935-94E1-F47E6AFD6DE8}.Release|Any CPU.ActiveCfg = Release|Any CPU
		{45F20D01-1AF6-4935-94E1-F47E6AFD6DE8}.Release|Any CPU.Build.0 = Release|Any CPU
		{45F20D01-1AF6-4935-94E1-F47E6AFD6DE8}.Release|x64.ActiveCfg = Release|Any CPU
		{45F20D01-1AF6-4935-94E1-F47E6AFD6DE8}.Release|x64.Build.0 = Release|Any CPU
		{45F20D01-1AF6-4935-94E1-F47E6AFD6DE8}.Release|x86.ActiveCfg = Release|Any CPU
		{45F20D01-1AF6-4935-94E1-F47E6AFD6DE8}.Release|x86.Build.0 = Release|Any CPU
		{EC6275C0-86CE-4D97-9493-B2BDA34B7615}.Debug|Any CPU.ActiveCfg = Debug|Any CPU
		{EC6275C0-86CE-4D97-9493-B2BDA34B7615}.Debug|Any CPU.Build.0 = Debug|Any CPU
		{EC6275C0-86CE-4D97-9493-B2BDA34B7615}.Debug|x64.ActiveCfg = Debug|Any CPU
		{EC6275C0-86CE-4D97-9493-B2BDA34B7615}.Debug|x64.Build.0 = Debug|Any CPU
		{EC6275C0-86CE-4D97-9493-B2BDA34B7615}.Debug|x86.ActiveCfg = Debug|Any CPU
		{EC6275C0-86CE-4D97-9493-B2BDA34B7615}.Debug|x86.Build.0 = Debug|Any CPU
		{EC6275C0-86CE-4D97-9493-B2BDA34B7615}.Release|Any CPU.ActiveCfg = Release|Any CPU
		{EC6275C0-86CE-4D97-9493-B2BDA34B7615}.Release|Any CPU.Build.0 = Release|Any CPU
		{EC6275C0-86CE-4D97-9493-B2BDA34B7615}.Release|x64.ActiveCfg = Release|Any CPU
		{EC6275C0-86CE-4D97-9493-B2BDA34B7615}.Release|x64.Build.0 = Release|Any CPU
		{EC6275C0-86CE-4D97-9493-B2BDA34B7615}.Release|x86.ActiveCfg = Release|Any CPU
		{EC6275C0-86CE-4D97-9493-B2BDA34B7615}.Release|x86.Build.0 = Release|Any CPU
		{8B7CDC03-6B95-49A0-AC8B-58DDCE3616FB}.Debug|Any CPU.ActiveCfg = Debug|Any CPU
		{8B7CDC03-6B95-49A0-AC8B-58DDCE3616FB}.Debug|Any CPU.Build.0 = Debug|Any CPU
		{8B7CDC03-6B95-49A0-AC8B-58DDCE3616FB}.Debug|x64.ActiveCfg = Debug|Any CPU
		{8B7CDC03-6B95-49A0-AC8B-58DDCE3616FB}.Debug|x64.Build.0 = Debug|Any CPU
		{8B7CDC03-6B95-49A0-AC8B-58DDCE3616FB}.Debug|x86.ActiveCfg = Debug|Any CPU
		{8B7CDC03-6B95-49A0-AC8B-58DDCE3616FB}.Debug|x86.Build.0 = Debug|Any CPU
		{8B7CDC03-6B95-49A0-AC8B-58DDCE3616FB}.Release|Any CPU.ActiveCfg = Release|Any CPU
		{8B7CDC03-6B95-49A0-AC8B-58DDCE3616FB}.Release|Any CPU.Build.0 = Release|Any CPU
		{8B7CDC03-6B95-49A0-AC8B-58DDCE3616FB}.Release|x64.ActiveCfg = Release|Any CPU
		{8B7CDC03-6B95-49A0-AC8B-58DDCE3616FB}.Release|x64.Build.0 = Release|Any CPU
		{8B7CDC03-6B95-49A0-AC8B-58DDCE3616FB}.Release|x86.ActiveCfg = Release|Any CPU
		{8B7CDC03-6B95-49A0-AC8B-58DDCE3616FB}.Release|x86.Build.0 = Release|Any CPU
		{AB0C6167-F2C8-43F2-AA05-17ACF70C149C}.Debug|Any CPU.ActiveCfg = Debug|Any CPU
		{AB0C6167-F2C8-43F2-AA05-17ACF70C149C}.Debug|Any CPU.Build.0 = Debug|Any CPU
		{AB0C6167-F2C8-43F2-AA05-17ACF70C149C}.Debug|x64.ActiveCfg = Debug|Any CPU
		{AB0C6167-F2C8-43F2-AA05-17ACF70C149C}.Debug|x64.Build.0 = Debug|Any CPU
		{AB0C6167-F2C8-43F2-AA05-17ACF70C149C}.Debug|x86.ActiveCfg = Debug|Any CPU
		{AB0C6167-F2C8-43F2-AA05-17ACF70C149C}.Debug|x86.Build.0 = Debug|Any CPU
		{AB0C6167-F2C8-43F2-AA05-17ACF70C149C}.Release|Any CPU.ActiveCfg = Release|Any CPU
		{AB0C6167-F2C8-43F2-AA05-17ACF70C149C}.Release|Any CPU.Build.0 = Release|Any CPU
		{AB0C6167-F2C8-43F2-AA05-17ACF70C149C}.Release|x64.ActiveCfg = Release|Any CPU
		{AB0C6167-F2C8-43F2-AA05-17ACF70C149C}.Release|x64.Build.0 = Release|Any CPU
		{AB0C6167-F2C8-43F2-AA05-17ACF70C149C}.Release|x86.ActiveCfg = Release|Any CPU
		{AB0C6167-F2C8-43F2-AA05-17ACF70C149C}.Release|x86.Build.0 = Release|Any CPU
		{3B6E0C1B-8B39-4FF9-9A70-F222CDB8DD56}.Debug|Any CPU.ActiveCfg = Debug|Any CPU
		{3B6E0C1B-8B39-4FF9-9A70-F222CDB8DD56}.Debug|Any CPU.Build.0 = Debug|Any CPU
		{3B6E0C1B-8B39-4FF9-9A70-F222CDB8DD56}.Debug|x64.ActiveCfg = Debug|Any CPU
		{3B6E0C1B-8B39-4FF9-9A70-F222CDB8DD56}.Debug|x64.Build.0 = Debug|Any CPU
		{3B6E0C1B-8B39-4FF9-9A70-F222CDB8DD56}.Debug|x86.ActiveCfg = Debug|Any CPU
		{3B6E0C1B-8B39-4FF9-9A70-F222CDB8DD56}.Debug|x86.Build.0 = Debug|Any CPU
		{3B6E0C1B-8B39-4FF9-9A70-F222CDB8DD56}.Release|Any CPU.ActiveCfg = Release|Any CPU
		{3B6E0C1B-8B39-4FF9-9A70-F222CDB8DD56}.Release|Any CPU.Build.0 = Release|Any CPU
		{3B6E0C1B-8B39-4FF9-9A70-F222CDB8DD56}.Release|x64.ActiveCfg = Release|Any CPU
		{3B6E0C1B-8B39-4FF9-9A70-F222CDB8DD56}.Release|x64.Build.0 = Release|Any CPU
		{3B6E0C1B-8B39-4FF9-9A70-F222CDB8DD56}.Release|x86.ActiveCfg = Release|Any CPU
		{3B6E0C1B-8B39-4FF9-9A70-F222CDB8DD56}.Release|x86.Build.0 = Release|Any CPU
		{EEE7E5AC-8070-4BCA-9B70-07225C3E264D}.Debug|Any CPU.ActiveCfg = Debug|Any CPU
		{EEE7E5AC-8070-4BCA-9B70-07225C3E264D}.Debug|Any CPU.Build.0 = Debug|Any CPU
		{EEE7E5AC-8070-4BCA-9B70-07225C3E264D}.Debug|x64.ActiveCfg = Debug|Any CPU
		{EEE7E5AC-8070-4BCA-9B70-07225C3E264D}.Debug|x64.Build.0 = Debug|Any CPU
		{EEE7E5AC-8070-4BCA-9B70-07225C3E264D}.Debug|x86.ActiveCfg = Debug|Any CPU
		{EEE7E5AC-8070-4BCA-9B70-07225C3E264D}.Debug|x86.Build.0 = Debug|Any CPU
		{EEE7E5AC-8070-4BCA-9B70-07225C3E264D}.Release|Any CPU.ActiveCfg = Release|Any CPU
		{EEE7E5AC-8070-4BCA-9B70-07225C3E264D}.Release|Any CPU.Build.0 = Release|Any CPU
		{EEE7E5AC-8070-4BCA-9B70-07225C3E264D}.Release|x64.ActiveCfg = Release|Any CPU
		{EEE7E5AC-8070-4BCA-9B70-07225C3E264D}.Release|x64.Build.0 = Release|Any CPU
		{EEE7E5AC-8070-4BCA-9B70-07225C3E264D}.Release|x86.ActiveCfg = Release|Any CPU
		{EEE7E5AC-8070-4BCA-9B70-07225C3E264D}.Release|x86.Build.0 = Release|Any CPU
		{72CB57EA-C3F7-4520-A029-05F2D90ECA39}.Debug|Any CPU.ActiveCfg = Debug|Any CPU
		{72CB57EA-C3F7-4520-A029-05F2D90ECA39}.Debug|Any CPU.Build.0 = Debug|Any CPU
		{72CB57EA-C3F7-4520-A029-05F2D90ECA39}.Debug|x64.ActiveCfg = Debug|Any CPU
		{72CB57EA-C3F7-4520-A029-05F2D90ECA39}.Debug|x64.Build.0 = Debug|Any CPU
		{72CB57EA-C3F7-4520-A029-05F2D90ECA39}.Debug|x86.ActiveCfg = Debug|Any CPU
		{72CB57EA-C3F7-4520-A029-05F2D90ECA39}.Debug|x86.Build.0 = Debug|Any CPU
		{72CB57EA-C3F7-4520-A029-05F2D90ECA39}.Release|Any CPU.ActiveCfg = Release|Any CPU
		{72CB57EA-C3F7-4520-A029-05F2D90ECA39}.Release|Any CPU.Build.0 = Release|Any CPU
		{72CB57EA-C3F7-4520-A029-05F2D90ECA39}.Release|x64.ActiveCfg = Release|Any CPU
		{72CB57EA-C3F7-4520-A029-05F2D90ECA39}.Release|x64.Build.0 = Release|Any CPU
		{72CB57EA-C3F7-4520-A029-05F2D90ECA39}.Release|x86.ActiveCfg = Release|Any CPU
		{72CB57EA-C3F7-4520-A029-05F2D90ECA39}.Release|x86.Build.0 = Release|Any CPU
		{B7B16CB6-9DDA-479B-8F39-7B79EB2DE613}.Debug|Any CPU.ActiveCfg = Debug|Any CPU
		{B7B16CB6-9DDA-479B-8F39-7B79EB2DE613}.Debug|Any CPU.Build.0 = Debug|Any CPU
		{B7B16CB6-9DDA-479B-8F39-7B79EB2DE613}.Debug|x64.ActiveCfg = Debug|Any CPU
		{B7B16CB6-9DDA-479B-8F39-7B79EB2DE613}.Debug|x64.Build.0 = Debug|Any CPU
		{B7B16CB6-9DDA-479B-8F39-7B79EB2DE613}.Debug|x86.ActiveCfg = Debug|Any CPU
		{B7B16CB6-9DDA-479B-8F39-7B79EB2DE613}.Debug|x86.Build.0 = Debug|Any CPU
		{B7B16CB6-9DDA-479B-8F39-7B79EB2DE613}.Release|Any CPU.ActiveCfg = Release|Any CPU
		{B7B16CB6-9DDA-479B-8F39-7B79EB2DE613}.Release|Any CPU.Build.0 = Release|Any CPU
		{B7B16CB6-9DDA-479B-8F39-7B79EB2DE613}.Release|x64.ActiveCfg = Release|Any CPU
		{B7B16CB6-9DDA-479B-8F39-7B79EB2DE613}.Release|x64.Build.0 = Release|Any CPU
		{B7B16CB6-9DDA-479B-8F39-7B79EB2DE613}.Release|x86.ActiveCfg = Release|Any CPU
		{B7B16CB6-9DDA-479B-8F39-7B79EB2DE613}.Release|x86.Build.0 = Release|Any CPU
		{5933FC62-7903-4756-AD6E-A02193BB69F7}.Debug|Any CPU.ActiveCfg = Debug|Any CPU
		{5933FC62-7903-4756-AD6E-A02193BB69F7}.Debug|Any CPU.Build.0 = Debug|Any CPU
		{5933FC62-7903-4756-AD6E-A02193BB69F7}.Debug|x64.ActiveCfg = Debug|Any CPU
		{5933FC62-7903-4756-AD6E-A02193BB69F7}.Debug|x64.Build.0 = Debug|Any CPU
		{5933FC62-7903-4756-AD6E-A02193BB69F7}.Debug|x86.ActiveCfg = Debug|Any CPU
		{5933FC62-7903-4756-AD6E-A02193BB69F7}.Debug|x86.Build.0 = Debug|Any CPU
		{5933FC62-7903-4756-AD6E-A02193BB69F7}.Release|Any CPU.ActiveCfg = Release|Any CPU
		{5933FC62-7903-4756-AD6E-A02193BB69F7}.Release|Any CPU.Build.0 = Release|Any CPU
		{5933FC62-7903-4756-AD6E-A02193BB69F7}.Release|x64.ActiveCfg = Release|Any CPU
		{5933FC62-7903-4756-AD6E-A02193BB69F7}.Release|x64.Build.0 = Release|Any CPU
		{5933FC62-7903-4756-AD6E-A02193BB69F7}.Release|x86.ActiveCfg = Release|Any CPU
		{5933FC62-7903-4756-AD6E-A02193BB69F7}.Release|x86.Build.0 = Release|Any CPU
		{03952EA8-D6A1-402D-8519-DD2E9DCFCD03}.Debug|Any CPU.ActiveCfg = Debug|Any CPU
		{03952EA8-D6A1-402D-8519-DD2E9DCFCD03}.Debug|Any CPU.Build.0 = Debug|Any CPU
		{03952EA8-D6A1-402D-8519-DD2E9DCFCD03}.Debug|x64.ActiveCfg = Debug|Any CPU
		{03952EA8-D6A1-402D-8519-DD2E9DCFCD03}.Debug|x64.Build.0 = Debug|Any CPU
		{03952EA8-D6A1-402D-8519-DD2E9DCFCD03}.Debug|x86.ActiveCfg = Debug|Any CPU
		{03952EA8-D6A1-402D-8519-DD2E9DCFCD03}.Debug|x86.Build.0 = Debug|Any CPU
		{03952EA8-D6A1-402D-8519-DD2E9DCFCD03}.Release|Any CPU.ActiveCfg = Release|Any CPU
		{03952EA8-D6A1-402D-8519-DD2E9DCFCD03}.Release|Any CPU.Build.0 = Release|Any CPU
		{03952EA8-D6A1-402D-8519-DD2E9DCFCD03}.Release|x64.ActiveCfg = Release|Any CPU
		{03952EA8-D6A1-402D-8519-DD2E9DCFCD03}.Release|x64.Build.0 = Release|Any CPU
		{03952EA8-D6A1-402D-8519-DD2E9DCFCD03}.Release|x86.ActiveCfg = Release|Any CPU
		{03952EA8-D6A1-402D-8519-DD2E9DCFCD03}.Release|x86.Build.0 = Release|Any CPU
		{C1905F8B-8443-4A85-B590-7B1DE35C9E2A}.Debug|Any CPU.ActiveCfg = Debug|Any CPU
		{C1905F8B-8443-4A85-B590-7B1DE35C9E2A}.Debug|Any CPU.Build.0 = Debug|Any CPU
		{C1905F8B-8443-4A85-B590-7B1DE35C9E2A}.Debug|x64.ActiveCfg = Debug|Any CPU
		{C1905F8B-8443-4A85-B590-7B1DE35C9E2A}.Debug|x64.Build.0 = Debug|Any CPU
		{C1905F8B-8443-4A85-B590-7B1DE35C9E2A}.Debug|x86.ActiveCfg = Debug|Any CPU
		{C1905F8B-8443-4A85-B590-7B1DE35C9E2A}.Debug|x86.Build.0 = Debug|Any CPU
		{C1905F8B-8443-4A85-B590-7B1DE35C9E2A}.Release|Any CPU.ActiveCfg = Release|Any CPU
		{C1905F8B-8443-4A85-B590-7B1DE35C9E2A}.Release|Any CPU.Build.0 = Release|Any CPU
		{C1905F8B-8443-4A85-B590-7B1DE35C9E2A}.Release|x64.ActiveCfg = Release|Any CPU
		{C1905F8B-8443-4A85-B590-7B1DE35C9E2A}.Release|x64.Build.0 = Release|Any CPU
		{C1905F8B-8443-4A85-B590-7B1DE35C9E2A}.Release|x86.ActiveCfg = Release|Any CPU
		{C1905F8B-8443-4A85-B590-7B1DE35C9E2A}.Release|x86.Build.0 = Release|Any CPU
		{F42C0C84-5B31-47D2-AE8C-F613E992133A}.Debug|Any CPU.ActiveCfg = Debug|Any CPU
		{F42C0C84-5B31-47D2-AE8C-F613E992133A}.Debug|Any CPU.Build.0 = Debug|Any CPU
		{F42C0C84-5B31-47D2-AE8C-F613E992133A}.Debug|x64.ActiveCfg = Debug|Any CPU
		{F42C0C84-5B31-47D2-AE8C-F613E992133A}.Debug|x64.Build.0 = Debug|Any CPU
		{F42C0C84-5B31-47D2-AE8C-F613E992133A}.Debug|x86.ActiveCfg = Debug|Any CPU
		{F42C0C84-5B31-47D2-AE8C-F613E992133A}.Debug|x86.Build.0 = Debug|Any CPU
		{F42C0C84-5B31-47D2-AE8C-F613E992133A}.Release|Any CPU.ActiveCfg = Release|Any CPU
		{F42C0C84-5B31-47D2-AE8C-F613E992133A}.Release|Any CPU.Build.0 = Release|Any CPU
		{F42C0C84-5B31-47D2-AE8C-F613E992133A}.Release|x64.ActiveCfg = Release|Any CPU
		{F42C0C84-5B31-47D2-AE8C-F613E992133A}.Release|x64.Build.0 = Release|Any CPU
		{F42C0C84-5B31-47D2-AE8C-F613E992133A}.Release|x86.ActiveCfg = Release|Any CPU
		{F42C0C84-5B31-47D2-AE8C-F613E992133A}.Release|x86.Build.0 = Release|Any CPU
		{EF4FBCF0-EBAA-4CE7-9D78-ABF5E35CF5F1}.Debug|Any CPU.ActiveCfg = Debug|Any CPU
		{EF4FBCF0-EBAA-4CE7-9D78-ABF5E35CF5F1}.Debug|Any CPU.Build.0 = Debug|Any CPU
		{EF4FBCF0-EBAA-4CE7-9D78-ABF5E35CF5F1}.Debug|x64.ActiveCfg = Debug|Any CPU
		{EF4FBCF0-EBAA-4CE7-9D78-ABF5E35CF5F1}.Debug|x64.Build.0 = Debug|Any CPU
		{EF4FBCF0-EBAA-4CE7-9D78-ABF5E35CF5F1}.Debug|x86.ActiveCfg = Debug|Any CPU
		{EF4FBCF0-EBAA-4CE7-9D78-ABF5E35CF5F1}.Debug|x86.Build.0 = Debug|Any CPU
		{EF4FBCF0-EBAA-4CE7-9D78-ABF5E35CF5F1}.Release|Any CPU.ActiveCfg = Release|Any CPU
		{EF4FBCF0-EBAA-4CE7-9D78-ABF5E35CF5F1}.Release|Any CPU.Build.0 = Release|Any CPU
		{EF4FBCF0-EBAA-4CE7-9D78-ABF5E35CF5F1}.Release|x64.ActiveCfg = Release|Any CPU
		{EF4FBCF0-EBAA-4CE7-9D78-ABF5E35CF5F1}.Release|x64.Build.0 = Release|Any CPU
		{EF4FBCF0-EBAA-4CE7-9D78-ABF5E35CF5F1}.Release|x86.ActiveCfg = Release|Any CPU
		{EF4FBCF0-EBAA-4CE7-9D78-ABF5E35CF5F1}.Release|x86.Build.0 = Release|Any CPU
		{88E537D6-75FC-4D77-9C38-C07B91886B7A}.Debug|Any CPU.ActiveCfg = Debug|Any CPU
		{88E537D6-75FC-4D77-9C38-C07B91886B7A}.Debug|Any CPU.Build.0 = Debug|Any CPU
		{88E537D6-75FC-4D77-9C38-C07B91886B7A}.Debug|x64.ActiveCfg = Debug|Any CPU
		{88E537D6-75FC-4D77-9C38-C07B91886B7A}.Debug|x64.Build.0 = Debug|Any CPU
		{88E537D6-75FC-4D77-9C38-C07B91886B7A}.Debug|x86.ActiveCfg = Debug|Any CPU
		{88E537D6-75FC-4D77-9C38-C07B91886B7A}.Debug|x86.Build.0 = Debug|Any CPU
		{88E537D6-75FC-4D77-9C38-C07B91886B7A}.Release|Any CPU.ActiveCfg = Release|Any CPU
		{88E537D6-75FC-4D77-9C38-C07B91886B7A}.Release|Any CPU.Build.0 = Release|Any CPU
		{88E537D6-75FC-4D77-9C38-C07B91886B7A}.Release|x64.ActiveCfg = Release|Any CPU
		{88E537D6-75FC-4D77-9C38-C07B91886B7A}.Release|x64.Build.0 = Release|Any CPU
		{88E537D6-75FC-4D77-9C38-C07B91886B7A}.Release|x86.ActiveCfg = Release|Any CPU
		{88E537D6-75FC-4D77-9C38-C07B91886B7A}.Release|x86.Build.0 = Release|Any CPU
		{E031AD21-78C2-484A-8E4E-9D0B8316C563}.Debug|Any CPU.ActiveCfg = Debug|Any CPU
		{E031AD21-78C2-484A-8E4E-9D0B8316C563}.Debug|Any CPU.Build.0 = Debug|Any CPU
		{E031AD21-78C2-484A-8E4E-9D0B8316C563}.Debug|x64.ActiveCfg = Debug|Any CPU
		{E031AD21-78C2-484A-8E4E-9D0B8316C563}.Debug|x64.Build.0 = Debug|Any CPU
		{E031AD21-78C2-484A-8E4E-9D0B8316C563}.Debug|x86.ActiveCfg = Debug|Any CPU
		{E031AD21-78C2-484A-8E4E-9D0B8316C563}.Debug|x86.Build.0 = Debug|Any CPU
		{E031AD21-78C2-484A-8E4E-9D0B8316C563}.Release|Any CPU.ActiveCfg = Release|Any CPU
		{E031AD21-78C2-484A-8E4E-9D0B8316C563}.Release|Any CPU.Build.0 = Release|Any CPU
		{E031AD21-78C2-484A-8E4E-9D0B8316C563}.Release|x64.ActiveCfg = Release|Any CPU
		{E031AD21-78C2-484A-8E4E-9D0B8316C563}.Release|x64.Build.0 = Release|Any CPU
		{E031AD21-78C2-484A-8E4E-9D0B8316C563}.Release|x86.ActiveCfg = Release|Any CPU
		{E031AD21-78C2-484A-8E4E-9D0B8316C563}.Release|x86.Build.0 = Release|Any CPU
	EndGlobalSection
	GlobalSection(SolutionProperties) = preSolution
		HideSolutionNode = FALSE
	EndGlobalSection
	GlobalSection(NestedProjects) = preSolution
		{26AA8DEE-919A-4299-8AD0-2A9AEE9D34B6} = {85DCF012-7339-4450-A6CC-4C3D2D8D9576}
		{34C3A743-6F45-4902-A1B2-6C340AF00F35} = {26AA8DEE-919A-4299-8AD0-2A9AEE9D34B6}
		{1A092544-A1E7-4E5C-A495-AA96103C284A} = {85DCF012-7339-4450-A6CC-4C3D2D8D9576}
		{99372701-05ED-4AE0-B63A-61F0D1A10420} = {1A092544-A1E7-4E5C-A495-AA96103C284A}
		{45F20D01-1AF6-4935-94E1-F47E6AFD6DE8} = {1A092544-A1E7-4E5C-A495-AA96103C284A}
		{EC6275C0-86CE-4D97-9493-B2BDA34B7615} = {1A092544-A1E7-4E5C-A495-AA96103C284A}
		{8A60AC62-9401-41DC-837B-65266A194E60} = {85DCF012-7339-4450-A6CC-4C3D2D8D9576}
		{8B7CDC03-6B95-49A0-AC8B-58DDCE3616FB} = {8A60AC62-9401-41DC-837B-65266A194E60}
		{4F0D00F2-1F51-430C-98EC-AA5A90868D76} = {85DCF012-7339-4450-A6CC-4C3D2D8D9576}
		{AB0C6167-F2C8-43F2-AA05-17ACF70C149C} = {4F0D00F2-1F51-430C-98EC-AA5A90868D76}
		{E2DAF8E6-1DEA-4337-BDA9-3D2C5E9E9BD7} = {85DCF012-7339-4450-A6CC-4C3D2D8D9576}
		{3B6E0C1B-8B39-4FF9-9A70-F222CDB8DD56} = {E2DAF8E6-1DEA-4337-BDA9-3D2C5E9E9BD7}
		{EEE7E5AC-8070-4BCA-9B70-07225C3E264D} = {E2DAF8E6-1DEA-4337-BDA9-3D2C5E9E9BD7}
		{72CB57EA-C3F7-4520-A029-05F2D90ECA39} = {E2DAF8E6-1DEA-4337-BDA9-3D2C5E9E9BD7}
		{559E1A4A-BAD2-47A9-8A3D-1E1CB51862DA} = {85DCF012-7339-4450-A6CC-4C3D2D8D9576}
		{B7B16CB6-9DDA-479B-8F39-7B79EB2DE613} = {559E1A4A-BAD2-47A9-8A3D-1E1CB51862DA}
		{CB5F9484-0E8C-4DE9-AB8F-5317FD1C5B74} = {85DCF012-7339-4450-A6CC-4C3D2D8D9576}
		{5933FC62-7903-4756-AD6E-A02193BB69F7} = {CB5F9484-0E8C-4DE9-AB8F-5317FD1C5B74}
		{03952EA8-D6A1-402D-8519-DD2E9DCFCD03} = {CB5F9484-0E8C-4DE9-AB8F-5317FD1C5B74}
		{C1905F8B-8443-4A85-B590-7B1DE35C9E2A} = {CB5F9484-0E8C-4DE9-AB8F-5317FD1C5B74}
		{C0790E5C-1795-4168-86D6-DDC4395E0DFC} = {85DCF012-7339-4450-A6CC-4C3D2D8D9576}
		{F42C0C84-5B31-47D2-AE8C-F613E992133A} = {C0790E5C-1795-4168-86D6-DDC4395E0DFC}
		{EF4FBCF0-EBAA-4CE7-9D78-ABF5E35CF5F1} = {C0790E5C-1795-4168-86D6-DDC4395E0DFC}
		{88E537D6-75FC-4D77-9C38-C07B91886B7A} = {C0790E5C-1795-4168-86D6-DDC4395E0DFC}
	EndGlobalSection
	GlobalSection(ExtensibilityGlobals) = postSolution
		SolutionGuid = {21CB26A5-3C33-4B36-BE03-A5D69121B42D}
	EndGlobalSection
EndGlobal
